
Microsoft Visual Studio Solution File, Format Version 12.00
# Visual Studio Version 17
VisualStudioVersion = 17.4.33213.308
MinimumVisualStudioVersion = 10.0.40219.1
Project("{9A19103F-16F7-4668-BE54-9A1E7A4F7556}") = "ex001", "ex1\ex001.csproj", "{E37A53B9-BB1D-461F-81FF-CD3ADDB5FF17}"
EndProject
Project("{9A19103F-16F7-4668-BE54-9A1E7A4F7556}") = "ex002", "ex2\ex002.csproj", "{CE782867-9394-4299-BF64-90FC21342B3B}"
EndProject
Project("{9A19103F-16F7-4668-BE54-9A1E7A4F7556}") = "ex003", "ex003\ex003.csproj", "{9D8997D6-DF21-4874-8085-3F2EC94D7201}"
EndProject
Project("{9A19103F-16F7-4668-BE54-9A1E7A4F7556}") = "ex004", "ex004\ex004.csproj", "{90D479F2-13AC-47E5-B877-4F999B589941}"
EndProject
Project("{9A19103F-16F7-4668-BE54-9A1E7A4F7556}") = "ex005", "ex005\ex005.csproj", "{1096F980-2578-471B-B293-08B64FB2D19E}"
EndProject
Project("{9A19103F-16F7-4668-BE54-9A1E7A4F7556}") = "ex006", "ex006\ex006.csproj", "{A6DA14AF-9718-480D-A6AE-026DAC001CC3}"
EndProject
Project("{9A19103F-16F7-4668-BE54-9A1E7A4F7556}") = "ex007", "ex007\ex007.csproj", "{F42B6FA8-19EB-471D-A976-D8B37482165F}"
EndProject
Project("{9A19103F-16F7-4668-BE54-9A1E7A4F7556}") = "ex008", "ex008\ex008.csproj", "{B9F90724-7C49-4242-B530-D2B5A9D684AF}"
EndProject
Project("{9A19103F-16F7-4668-BE54-9A1E7A4F7556}") = "ex009", "ex009\ex009.csproj", "{0B2A6A4E-7673-47C7-B535-EE9C4E92C2F6}"
EndProject
Project("{9A19103F-16F7-4668-BE54-9A1E7A4F7556}") = "ex010", "ex010\ex010.csproj", "{A03AB141-06F6-492E-A277-DCA9743702FB}"
EndProject
Project("{9A19103F-16F7-4668-BE54-9A1E7A4F7556}") = "ex011", "ex011\ex011.csproj", "{944016F1-06ED-4871-83B8-80A74789C625}"
EndProject
Project("{9A19103F-16F7-4668-BE54-9A1E7A4F7556}") = "ex012", "ex012\ex012.csproj", "{55B91484-D489-4CFA-9A5E-75DEBBA32B39}"
EndProject
Project("{9A19103F-16F7-4668-BE54-9A1E7A4F7556}") = "ex013", "ex013\ex013.csproj", "{D6174A48-39E0-4120-B4D5-FABD22EB5C03}"
EndProject
Project("{9A19103F-16F7-4668-BE54-9A1E7A4F7556}") = "ex014", "ex014\ex014.csproj", "{5D4BBFA1-CC78-4588-9215-B8E380421FBB}"
EndProject
Project("{9A19103F-16F7-4668-BE54-9A1E7A4F7556}") = "ex015", "ex015\ex015.csproj", "{E3CF773B-1800-4189-9E79-0012E5E408D8}"
EndProject
Project("{9A19103F-16F7-4668-BE54-9A1E7A4F7556}") = "ex016", "016\ex016.csproj", "{36D0D453-4540-4A13-96CF-D06E9DB6D6FD}"
EndProject
Project("{9A19103F-16F7-4668-BE54-9A1E7A4F7556}") = "ex017", "ex017\ex017.csproj", "{44FDF502-C077-4241-B67D-2B52759A8112}"
EndProject
Project("{9A19103F-16F7-4668-BE54-9A1E7A4F7556}") = "ex018", "ex018\ex018.csproj", "{92BA539D-18B6-4AAD-9CAC-51784FC4C25D}"
EndProject
Project("{9A19103F-16F7-4668-BE54-9A1E7A4F7556}") = "ex019", "ex019\ex019.csproj", "{CDA1B8B8-7D40-4060-AADF-7C77D8B961EA}"
EndProject
Project("{9A19103F-16F7-4668-BE54-9A1E7A4F7556}") = "ex020", "ex020\ex020.csproj", "{82D7E3FC-9474-4A11-B4E3-4A862B89DF34}"
EndProject
Project("{9A19103F-16F7-4668-BE54-9A1E7A4F7556}") = "ex021", "ex021\ex021.csproj", "{BC1F972C-58C0-4700-8F03-C4EFC7067ED0}"
EndProject
Project("{9A19103F-16F7-4668-BE54-9A1E7A4F7556}") = "ex022", "ex022\ex022.csproj", "{96A0525A-DAF3-486F-9083-694091FDFFF8}"
EndProject
Project("{9A19103F-16F7-4668-BE54-9A1E7A4F7556}") = "ex023", "ex023\ex023.csproj", "{8E49D462-558F-4263-995D-88384E740326}"
EndProject
Project("{9A19103F-16F7-4668-BE54-9A1E7A4F7556}") = "ex024", "ex024\ex024.csproj", "{2A1837AD-FB4D-4673-A473-3734A52A293A}"
EndProject
Project("{9A19103F-16F7-4668-BE54-9A1E7A4F7556}") = "ex025", "ex025\ex025.csproj", "{AC3BC25C-0DEA-46EE-A85A-9CDB169E7E35}"
EndProject
Project("{9A19103F-16F7-4668-BE54-9A1E7A4F7556}") = "ex026", "ex026\ex026.csproj", "{FCC8456F-9EB2-4D04-A53D-870A060FAEA5}"
EndProject
Project("{9A19103F-16F7-4668-BE54-9A1E7A4F7556}") = "ex027", "ex027\ex027.csproj", "{F3AEC1AC-307C-4F38-8415-FEFDD6B66C9B}"
EndProject
Project("{9A19103F-16F7-4668-BE54-9A1E7A4F7556}") = "ex028", "ex028\ex028.csproj", "{55DA4A2E-BA28-4BFC-8937-778D65F4AD05}"
EndProject
Project("{FAE04EC0-301F-11D3-BF4B-00C04F79EFBC}") = "ex030", "ex030\ex030.csproj", "{F0DBB22B-9BAC-4353-8D7F-6363815EBD70}"
EndProject
Project("{FAE04EC0-301F-11D3-BF4B-00C04F79EFBC}") = "ex031", "ex031\ex031.csproj", "{ABD73229-35DD-443A-A292-CE804D49E783}"
EndProject
Global
	GlobalSection(SolutionConfigurationPlatforms) = preSolution
		Debug|Any CPU = Debug|Any CPU
		Release|Any CPU = Release|Any CPU
	EndGlobalSection
	GlobalSection(ProjectConfigurationPlatforms) = postSolution
		{E37A53B9-BB1D-461F-81FF-CD3ADDB5FF17}.Debug|Any CPU.ActiveCfg = Debug|Any CPU
		{E37A53B9-BB1D-461F-81FF-CD3ADDB5FF17}.Debug|Any CPU.Build.0 = Debug|Any CPU
		{E37A53B9-BB1D-461F-81FF-CD3ADDB5FF17}.Release|Any CPU.ActiveCfg = Release|Any CPU
		{E37A53B9-BB1D-461F-81FF-CD3ADDB5FF17}.Release|Any CPU.Build.0 = Release|Any CPU
		{CE782867-9394-4299-BF64-90FC21342B3B}.Debug|Any CPU.ActiveCfg = Debug|Any CPU
		{CE782867-9394-4299-BF64-90FC21342B3B}.Debug|Any CPU.Build.0 = Debug|Any CPU
		{CE782867-9394-4299-BF64-90FC21342B3B}.Release|Any CPU.ActiveCfg = Release|Any CPU
		{CE782867-9394-4299-BF64-90FC21342B3B}.Release|Any CPU.Build.0 = Release|Any CPU
		{9D8997D6-DF21-4874-8085-3F2EC94D7201}.Debug|Any CPU.ActiveCfg = Debug|Any CPU
		{9D8997D6-DF21-4874-8085-3F2EC94D7201}.Debug|Any CPU.Build.0 = Debug|Any CPU
		{9D8997D6-DF21-4874-8085-3F2EC94D7201}.Release|Any CPU.ActiveCfg = Release|Any CPU
		{9D8997D6-DF21-4874-8085-3F2EC94D7201}.Release|Any CPU.Build.0 = Release|Any CPU
		{90D479F2-13AC-47E5-B877-4F999B589941}.Debug|Any CPU.ActiveCfg = Debug|Any CPU
		{90D479F2-13AC-47E5-B877-4F999B589941}.Debug|Any CPU.Build.0 = Debug|Any CPU
		{90D479F2-13AC-47E5-B877-4F999B589941}.Release|Any CPU.ActiveCfg = Release|Any CPU
		{90D479F2-13AC-47E5-B877-4F999B589941}.Release|Any CPU.Build.0 = Release|Any CPU
		{1096F980-2578-471B-B293-08B64FB2D19E}.Debug|Any CPU.ActiveCfg = Debug|Any CPU
		{1096F980-2578-471B-B293-08B64FB2D19E}.Debug|Any CPU.Build.0 = Debug|Any CPU
		{1096F980-2578-471B-B293-08B64FB2D19E}.Release|Any CPU.ActiveCfg = Release|Any CPU
		{1096F980-2578-471B-B293-08B64FB2D19E}.Release|Any CPU.Build.0 = Release|Any CPU
		{A6DA14AF-9718-480D-A6AE-026DAC001CC3}.Debug|Any CPU.ActiveCfg = Debug|Any CPU
		{A6DA14AF-9718-480D-A6AE-026DAC001CC3}.Debug|Any CPU.Build.0 = Debug|Any CPU
		{A6DA14AF-9718-480D-A6AE-026DAC001CC3}.Release|Any CPU.ActiveCfg = Release|Any CPU
		{A6DA14AF-9718-480D-A6AE-026DAC001CC3}.Release|Any CPU.Build.0 = Release|Any CPU
		{F42B6FA8-19EB-471D-A976-D8B37482165F}.Debug|Any CPU.ActiveCfg = Debug|Any CPU
		{F42B6FA8-19EB-471D-A976-D8B37482165F}.Debug|Any CPU.Build.0 = Debug|Any CPU
		{F42B6FA8-19EB-471D-A976-D8B37482165F}.Release|Any CPU.ActiveCfg = Release|Any CPU
		{F42B6FA8-19EB-471D-A976-D8B37482165F}.Release|Any CPU.Build.0 = Release|Any CPU
		{B9F90724-7C49-4242-B530-D2B5A9D684AF}.Debug|Any CPU.ActiveCfg = Debug|Any CPU
		{B9F90724-7C49-4242-B530-D2B5A9D684AF}.Debug|Any CPU.Build.0 = Debug|Any CPU
		{B9F90724-7C49-4242-B530-D2B5A9D684AF}.Release|Any CPU.ActiveCfg = Release|Any CPU
		{B9F90724-7C49-4242-B530-D2B5A9D684AF}.Release|Any CPU.Build.0 = Release|Any CPU
		{0B2A6A4E-7673-47C7-B535-EE9C4E92C2F6}.Debug|Any CPU.ActiveCfg = Debug|Any CPU
		{0B2A6A4E-7673-47C7-B535-EE9C4E92C2F6}.Debug|Any CPU.Build.0 = Debug|Any CPU
		{0B2A6A4E-7673-47C7-B535-EE9C4E92C2F6}.Release|Any CPU.ActiveCfg = Release|Any CPU
		{0B2A6A4E-7673-47C7-B535-EE9C4E92C2F6}.Release|Any CPU.Build.0 = Release|Any CPU
		{A03AB141-06F6-492E-A277-DCA9743702FB}.Debug|Any CPU.ActiveCfg = Debug|Any CPU
		{A03AB141-06F6-492E-A277-DCA9743702FB}.Debug|Any CPU.Build.0 = Debug|Any CPU
		{A03AB141-06F6-492E-A277-DCA9743702FB}.Release|Any CPU.ActiveCfg = Release|Any CPU
		{A03AB141-06F6-492E-A277-DCA9743702FB}.Release|Any CPU.Build.0 = Release|Any CPU
		{944016F1-06ED-4871-83B8-80A74789C625}.Debug|Any CPU.ActiveCfg = Debug|Any CPU
		{944016F1-06ED-4871-83B8-80A74789C625}.Debug|Any CPU.Build.0 = Debug|Any CPU
		{944016F1-06ED-4871-83B8-80A74789C625}.Release|Any CPU.ActiveCfg = Release|Any CPU
		{944016F1-06ED-4871-83B8-80A74789C625}.Release|Any CPU.Build.0 = Release|Any CPU
		{55B91484-D489-4CFA-9A5E-75DEBBA32B39}.Debug|Any CPU.ActiveCfg = Debug|Any CPU
		{55B91484-D489-4CFA-9A5E-75DEBBA32B39}.Debug|Any CPU.Build.0 = Debug|Any CPU
		{55B91484-D489-4CFA-9A5E-75DEBBA32B39}.Release|Any CPU.ActiveCfg = Release|Any CPU
		{55B91484-D489-4CFA-9A5E-75DEBBA32B39}.Release|Any CPU.Build.0 = Release|Any CPU
		{D6174A48-39E0-4120-B4D5-FABD22EB5C03}.Debug|Any CPU.ActiveCfg = Debug|Any CPU
		{D6174A48-39E0-4120-B4D5-FABD22EB5C03}.Debug|Any CPU.Build.0 = Debug|Any CPU
		{D6174A48-39E0-4120-B4D5-FABD22EB5C03}.Release|Any CPU.ActiveCfg = Release|Any CPU
		{D6174A48-39E0-4120-B4D5-FABD22EB5C03}.Release|Any CPU.Build.0 = Release|Any CPU
		{5D4BBFA1-CC78-4588-9215-B8E380421FBB}.Debug|Any CPU.ActiveCfg = Debug|Any CPU
		{5D4BBFA1-CC78-4588-9215-B8E380421FBB}.Debug|Any CPU.Build.0 = Debug|Any CPU
		{5D4BBFA1-CC78-4588-9215-B8E380421FBB}.Release|Any CPU.ActiveCfg = Release|Any CPU
		{5D4BBFA1-CC78-4588-9215-B8E380421FBB}.Release|Any CPU.Build.0 = Release|Any CPU
		{E3CF773B-1800-4189-9E79-0012E5E408D8}.Debug|Any CPU.ActiveCfg = Debug|Any CPU
		{E3CF773B-1800-4189-9E79-0012E5E408D8}.Debug|Any CPU.Build.0 = Debug|Any CPU
		{E3CF773B-1800-4189-9E79-0012E5E408D8}.Release|Any CPU.ActiveCfg = Release|Any CPU
		{E3CF773B-1800-4189-9E79-0012E5E408D8}.Release|Any CPU.Build.0 = Release|Any CPU
		{36D0D453-4540-4A13-96CF-D06E9DB6D6FD}.Debug|Any CPU.ActiveCfg = Debug|Any CPU
		{36D0D453-4540-4A13-96CF-D06E9DB6D6FD}.Debug|Any CPU.Build.0 = Debug|Any CPU
		{36D0D453-4540-4A13-96CF-D06E9DB6D6FD}.Release|Any CPU.ActiveCfg = Release|Any CPU
		{36D0D453-4540-4A13-96CF-D06E9DB6D6FD}.Release|Any CPU.Build.0 = Release|Any CPU
		{44FDF502-C077-4241-B67D-2B52759A8112}.Debug|Any CPU.ActiveCfg = Debug|Any CPU
		{44FDF502-C077-4241-B67D-2B52759A8112}.Debug|Any CPU.Build.0 = Debug|Any CPU
		{44FDF502-C077-4241-B67D-2B52759A8112}.Release|Any CPU.ActiveCfg = Release|Any CPU
		{44FDF502-C077-4241-B67D-2B52759A8112}.Release|Any CPU.Build.0 = Release|Any CPU
		{92BA539D-18B6-4AAD-9CAC-51784FC4C25D}.Debug|Any CPU.ActiveCfg = Debug|Any CPU
		{92BA539D-18B6-4AAD-9CAC-51784FC4C25D}.Debug|Any CPU.Build.0 = Debug|Any CPU
		{92BA539D-18B6-4AAD-9CAC-51784FC4C25D}.Release|Any CPU.ActiveCfg = Release|Any CPU
		{92BA539D-18B6-4AAD-9CAC-51784FC4C25D}.Release|Any CPU.Build.0 = Release|Any CPU
		{CDA1B8B8-7D40-4060-AADF-7C77D8B961EA}.Debug|Any CPU.ActiveCfg = Debug|Any CPU
		{CDA1B8B8-7D40-4060-AADF-7C77D8B961EA}.Debug|Any CPU.Build.0 = Debug|Any CPU
		{CDA1B8B8-7D40-4060-AADF-7C77D8B961EA}.Release|Any CPU.ActiveCfg = Release|Any CPU
		{CDA1B8B8-7D40-4060-AADF-7C77D8B961EA}.Release|Any CPU.Build.0 = Release|Any CPU
		{82D7E3FC-9474-4A11-B4E3-4A862B89DF34}.Debug|Any CPU.ActiveCfg = Debug|Any CPU
		{82D7E3FC-9474-4A11-B4E3-4A862B89DF34}.Debug|Any CPU.Build.0 = Debug|Any CPU
		{82D7E3FC-9474-4A11-B4E3-4A862B89DF34}.Release|Any CPU.ActiveCfg = Release|Any CPU
		{82D7E3FC-9474-4A11-B4E3-4A862B89DF34}.Release|Any CPU.Build.0 = Release|Any CPU
		{BC1F972C-58C0-4700-8F03-C4EFC7067ED0}.Debug|Any CPU.ActiveCfg = Debug|Any CPU
		{BC1F972C-58C0-4700-8F03-C4EFC7067ED0}.Debug|Any CPU.Build.0 = Debug|Any CPU
		{BC1F972C-58C0-4700-8F03-C4EFC7067ED0}.Release|Any CPU.ActiveCfg = Release|Any CPU
		{BC1F972C-58C0-4700-8F03-C4EFC7067ED0}.Release|Any CPU.Build.0 = Release|Any CPU
		{96A0525A-DAF3-486F-9083-694091FDFFF8}.Debug|Any CPU.ActiveCfg = Debug|Any CPU
		{96A0525A-DAF3-486F-9083-694091FDFFF8}.Debug|Any CPU.Build.0 = Debug|Any CPU
		{96A0525A-DAF3-486F-9083-694091FDFFF8}.Release|Any CPU.ActiveCfg = Release|Any CPU
		{96A0525A-DAF3-486F-9083-694091FDFFF8}.Release|Any CPU.Build.0 = Release|Any CPU
		{8E49D462-558F-4263-995D-88384E740326}.Debug|Any CPU.ActiveCfg = Debug|Any CPU
		{8E49D462-558F-4263-995D-88384E740326}.Debug|Any CPU.Build.0 = Debug|Any CPU
		{8E49D462-558F-4263-995D-88384E740326}.Release|Any CPU.ActiveCfg = Release|Any CPU
		{8E49D462-558F-4263-995D-88384E740326}.Release|Any CPU.Build.0 = Release|Any CPU
		{2A1837AD-FB4D-4673-A473-3734A52A293A}.Debug|Any CPU.ActiveCfg = Debug|Any CPU
		{2A1837AD-FB4D-4673-A473-3734A52A293A}.Debug|Any CPU.Build.0 = Debug|Any CPU
		{2A1837AD-FB4D-4673-A473-3734A52A293A}.Release|Any CPU.ActiveCfg = Release|Any CPU
		{2A1837AD-FB4D-4673-A473-3734A52A293A}.Release|Any CPU.Build.0 = Release|Any CPU
		{AC3BC25C-0DEA-46EE-A85A-9CDB169E7E35}.Debug|Any CPU.ActiveCfg = Debug|Any CPU
		{AC3BC25C-0DEA-46EE-A85A-9CDB169E7E35}.Debug|Any CPU.Build.0 = Debug|Any CPU
		{AC3BC25C-0DEA-46EE-A85A-9CDB169E7E35}.Release|Any CPU.ActiveCfg = Release|Any CPU
		{AC3BC25C-0DEA-46EE-A85A-9CDB169E7E35}.Release|Any CPU.Build.0 = Release|Any CPU
		{FCC8456F-9EB2-4D04-A53D-870A060FAEA5}.Debug|Any CPU.ActiveCfg = Debug|Any CPU
		{FCC8456F-9EB2-4D04-A53D-870A060FAEA5}.Debug|Any CPU.Build.0 = Debug|Any CPU
		{FCC8456F-9EB2-4D04-A53D-870A060FAEA5}.Release|Any CPU.ActiveCfg = Release|Any CPU
		{FCC8456F-9EB2-4D04-A53D-870A060FAEA5}.Release|Any CPU.Build.0 = Release|Any CPU
		{F3AEC1AC-307C-4F38-8415-FEFDD6B66C9B}.Debug|Any CPU.ActiveCfg = Debug|Any CPU
		{F3AEC1AC-307C-4F38-8415-FEFDD6B66C9B}.Debug|Any CPU.Build.0 = Debug|Any CPU
		{F3AEC1AC-307C-4F38-8415-FEFDD6B66C9B}.Release|Any CPU.ActiveCfg = Release|Any CPU
		{F3AEC1AC-307C-4F38-8415-FEFDD6B66C9B}.Release|Any CPU.Build.0 = Release|Any CPU
		{55DA4A2E-BA28-4BFC-8937-778D65F4AD05}.Debug|Any CPU.ActiveCfg = Debug|Any CPU
		{55DA4A2E-BA28-4BFC-8937-778D65F4AD05}.Debug|Any CPU.Build.0 = Debug|Any CPU
		{55DA4A2E-BA28-4BFC-8937-778D65F4AD05}.Release|Any CPU.ActiveCfg = Release|Any CPU
		{55DA4A2E-BA28-4BFC-8937-778D65F4AD05}.Release|Any CPU.Build.0 = Release|Any CPU
		{F0DBB22B-9BAC-4353-8D7F-6363815EBD70}.Debug|Any CPU.ActiveCfg = Debug|Any CPU
		{F0DBB22B-9BAC-4353-8D7F-6363815EBD70}.Debug|Any CPU.Build.0 = Debug|Any CPU
		{F0DBB22B-9BAC-4353-8D7F-6363815EBD70}.Release|Any CPU.ActiveCfg = Release|Any CPU
		{F0DBB22B-9BAC-4353-8D7F-6363815EBD70}.Release|Any CPU.Build.0 = Release|Any CPU
		{ABD73229-35DD-443A-A292-CE804D49E783}.Debug|Any CPU.ActiveCfg = Debug|Any CPU
		{ABD73229-35DD-443A-A292-CE804D49E783}.Debug|Any CPU.Build.0 = Debug|Any CPU
		{ABD73229-35DD-443A-A292-CE804D49E783}.Release|Any CPU.ActiveCfg = Release|Any CPU
		{ABD73229-35DD-443A-A292-CE804D49E783}.Release|Any CPU.Build.0 = Release|Any CPU
	EndGlobalSection
	GlobalSection(SolutionProperties) = preSolution
		HideSolutionNode = FALSE
	EndGlobalSection
	GlobalSection(ExtensibilityGlobals) = postSolution
		SolutionGuid = {58E8B6C8-7C6D-4548-866D-1F4889951218}
	EndGlobalSection
EndGlobal
