
Microsoft Visual Studio Solution File, Format Version 12.00
# Visual Studio Version 17
VisualStudioVersion = 17.4.33213.308
MinimumVisualStudioVersion = 10.0.40219.1
Project("{FAE04EC0-301F-11D3-BF4B-00C04F79EFBC}") = "ex2", "Lista1.0\ex2.csproj", "{262FFDA0-F8F8-49C3-AA33-BAC5C3AA1CE1}"
EndProject
Project("{FAE04EC0-301F-11D3-BF4B-00C04F79EFBC}") = "ex1", "ex1\ex1.csproj", "{C067BF62-CDC9-4ED7-8348-734DAEB98532}"
EndProject
Project("{FAE04EC0-301F-11D3-BF4B-00C04F79EFBC}") = "ex3", "ex3\ex3.csproj", "{462952C5-2E5A-4005-9018-F175EC937EA0}"
EndProject
Project("{FAE04EC0-301F-11D3-BF4B-00C04F79EFBC}") = "ex4", "ex4\ex4.csproj", "{3577B090-01CD-4D86-8F90-29941F7DFBFB}"
EndProject
Project("{FAE04EC0-301F-11D3-BF4B-00C04F79EFBC}") = "ex5", "ex5\ex5.csproj", "{807F7874-683F-4436-A809-B413133E6234}"
EndProject
Project("{FAE04EC0-301F-11D3-BF4B-00C04F79EFBC}") = "ex6", "ex6\ex6.csproj", "{BF400FB3-43A9-43C1-AC23-E14673A8A353}"
EndProject
Project("{FAE04EC0-301F-11D3-BF4B-00C04F79EFBC}") = "ex7", "ex7\ex7.csproj", "{58EDC7A1-540F-492E-8C46-57A06E089DA4}"
EndProject
Project("{FAE04EC0-301F-11D3-BF4B-00C04F79EFBC}") = "ex8", "ex8\ex8.csproj", "{26F24019-AD1C-4037-B557-4EB6F9F7D028}"
EndProject
Project("{FAE04EC0-301F-11D3-BF4B-00C04F79EFBC}") = "ex9", "ex9\ex9.csproj", "{F479214A-70C4-487E-8709-66294B6BCFB1}"
EndProject
Project("{FAE04EC0-301F-11D3-BF4B-00C04F79EFBC}") = "ex10", "ex10\ex10.csproj", "{3F98B128-128D-42FF-BC9B-3AACE46ABE72}"
EndProject
Project("{FAE04EC0-301F-11D3-BF4B-00C04F79EFBC}") = "ex11", "ex11\ex11.csproj", "{3B373E86-E610-466F-98EF-562A76C5AB46}"
EndProject
Project("{FAE04EC0-301F-11D3-BF4B-00C04F79EFBC}") = "ex12", "ex12\ex12.csproj", "{4BA4DDB2-2194-4C4A-A06D-79C0FF84D1FA}"
EndProject
Project("{FAE04EC0-301F-11D3-BF4B-00C04F79EFBC}") = "ex13", "ec13\ex13.csproj", "{46E4431A-D967-47A1-96B6-8178DF91804E}"
EndProject
Project("{FAE04EC0-301F-11D3-BF4B-00C04F79EFBC}") = "ex14", "ex14\ex14.csproj", "{C9DEA816-7D9E-4D5B-9CAE-15B9355EEC73}"
EndProject
Project("{FAE04EC0-301F-11D3-BF4B-00C04F79EFBC}") = "ex15", "ex15\ex15.csproj", "{75F5C815-AD27-45B6-8B15-0314CBFC247C}"
EndProject
Project("{FAE04EC0-301F-11D3-BF4B-00C04F79EFBC}") = "ex16", "ex16\ex16.csproj", "{8C830296-21DE-4327-8D9C-3127FAC332A7}"
EndProject
Project("{FAE04EC0-301F-11D3-BF4B-00C04F79EFBC}") = "ex17", "ex17\ex17.csproj", "{0358F633-B221-4C13-94C6-9605D2CD4A4F}"
EndProject
Project("{FAE04EC0-301F-11D3-BF4B-00C04F79EFBC}") = "ex18", "ex18\ex18.csproj", "{71209F7A-112B-47EA-A697-94C33D8E7B6C}"
EndProject
Project("{FAE04EC0-301F-11D3-BF4B-00C04F79EFBC}") = "ex19", "ex19\ex19.csproj", "{9B548302-2C34-4625-B494-1945DFD5A9FA}"
EndProject
Project("{FAE04EC0-301F-11D3-BF4B-00C04F79EFBC}") = "ex20", "ex20\ex20.csproj", "{72220919-754F-4B75-BD35-C76D593D699C}"
EndProject
Project("{FAE04EC0-301F-11D3-BF4B-00C04F79EFBC}") = "ex21", "ex21\ex21.csproj", "{EA7BCF4F-B90A-4002-B54F-C5138F9886BC}"
EndProject
Project("{FAE04EC0-301F-11D3-BF4B-00C04F79EFBC}") = "ex22", "ex22\ex22.csproj", "{3E3B7D71-3332-4933-99DB-9590B3E907F3}"
EndProject
Project("{FAE04EC0-301F-11D3-BF4B-00C04F79EFBC}") = "ex23", "ex23\ex23.csproj", "{E8BA9ED8-B2CA-4C9E-885C-2CEA0F8405FF}"
EndProject
Project("{FAE04EC0-301F-11D3-BF4B-00C04F79EFBC}") = "ex24", "ex24\ex24.csproj", "{E90A1D66-9DB0-4527-99DF-E07102409041}"
EndProject
Project("{FAE04EC0-301F-11D3-BF4B-00C04F79EFBC}") = "ex25", "ex25\ex25.csproj", "{DDA1E8FF-481C-433C-937C-4F77B0BC3A17}"
EndProject
Global
	GlobalSection(SolutionConfigurationPlatforms) = preSolution
		Debug|Any CPU = Debug|Any CPU
		Release|Any CPU = Release|Any CPU
	EndGlobalSection
	GlobalSection(ProjectConfigurationPlatforms) = postSolution
		{262FFDA0-F8F8-49C3-AA33-BAC5C3AA1CE1}.Debug|Any CPU.ActiveCfg = Debug|Any CPU
		{262FFDA0-F8F8-49C3-AA33-BAC5C3AA1CE1}.Debug|Any CPU.Build.0 = Debug|Any CPU
		{262FFDA0-F8F8-49C3-AA33-BAC5C3AA1CE1}.Release|Any CPU.ActiveCfg = Release|Any CPU
		{262FFDA0-F8F8-49C3-AA33-BAC5C3AA1CE1}.Release|Any CPU.Build.0 = Release|Any CPU
		{C067BF62-CDC9-4ED7-8348-734DAEB98532}.Debug|Any CPU.ActiveCfg = Debug|Any CPU
		{C067BF62-CDC9-4ED7-8348-734DAEB98532}.Debug|Any CPU.Build.0 = Debug|Any CPU
		{C067BF62-CDC9-4ED7-8348-734DAEB98532}.Release|Any CPU.ActiveCfg = Release|Any CPU
		{C067BF62-CDC9-4ED7-8348-734DAEB98532}.Release|Any CPU.Build.0 = Release|Any CPU
		{462952C5-2E5A-4005-9018-F175EC937EA0}.Debug|Any CPU.ActiveCfg = Debug|Any CPU
		{462952C5-2E5A-4005-9018-F175EC937EA0}.Debug|Any CPU.Build.0 = Debug|Any CPU
		{462952C5-2E5A-4005-9018-F175EC937EA0}.Release|Any CPU.ActiveCfg = Release|Any CPU
		{462952C5-2E5A-4005-9018-F175EC937EA0}.Release|Any CPU.Build.0 = Release|Any CPU
		{3577B090-01CD-4D86-8F90-29941F7DFBFB}.Debug|Any CPU.ActiveCfg = Debug|Any CPU
		{3577B090-01CD-4D86-8F90-29941F7DFBFB}.Debug|Any CPU.Build.0 = Debug|Any CPU
		{3577B090-01CD-4D86-8F90-29941F7DFBFB}.Release|Any CPU.ActiveCfg = Release|Any CPU
		{3577B090-01CD-4D86-8F90-29941F7DFBFB}.Release|Any CPU.Build.0 = Release|Any CPU
		{807F7874-683F-4436-A809-B413133E6234}.Debug|Any CPU.ActiveCfg = Debug|Any CPU
		{807F7874-683F-4436-A809-B413133E6234}.Debug|Any CPU.Build.0 = Debug|Any CPU
		{807F7874-683F-4436-A809-B413133E6234}.Release|Any CPU.ActiveCfg = Release|Any CPU
		{807F7874-683F-4436-A809-B413133E6234}.Release|Any CPU.Build.0 = Release|Any CPU
		{BF400FB3-43A9-43C1-AC23-E14673A8A353}.Debug|Any CPU.ActiveCfg = Debug|Any CPU
		{BF400FB3-43A9-43C1-AC23-E14673A8A353}.Debug|Any CPU.Build.0 = Debug|Any CPU
		{BF400FB3-43A9-43C1-AC23-E14673A8A353}.Release|Any CPU.ActiveCfg = Release|Any CPU
		{BF400FB3-43A9-43C1-AC23-E14673A8A353}.Release|Any CPU.Build.0 = Release|Any CPU
		{58EDC7A1-540F-492E-8C46-57A06E089DA4}.Debug|Any CPU.ActiveCfg = Debug|Any CPU
		{58EDC7A1-540F-492E-8C46-57A06E089DA4}.Debug|Any CPU.Build.0 = Debug|Any CPU
		{58EDC7A1-540F-492E-8C46-57A06E089DA4}.Release|Any CPU.ActiveCfg = Release|Any CPU
		{58EDC7A1-540F-492E-8C46-57A06E089DA4}.Release|Any CPU.Build.0 = Release|Any CPU
		{26F24019-AD1C-4037-B557-4EB6F9F7D028}.Debug|Any CPU.ActiveCfg = Debug|Any CPU
		{26F24019-AD1C-4037-B557-4EB6F9F7D028}.Debug|Any CPU.Build.0 = Debug|Any CPU
		{26F24019-AD1C-4037-B557-4EB6F9F7D028}.Release|Any CPU.ActiveCfg = Release|Any CPU
		{26F24019-AD1C-4037-B557-4EB6F9F7D028}.Release|Any CPU.Build.0 = Release|Any CPU
		{F479214A-70C4-487E-8709-66294B6BCFB1}.Debug|Any CPU.ActiveCfg = Debug|Any CPU
		{F479214A-70C4-487E-8709-66294B6BCFB1}.Debug|Any CPU.Build.0 = Debug|Any CPU
		{F479214A-70C4-487E-8709-66294B6BCFB1}.Release|Any CPU.ActiveCfg = Release|Any CPU
		{F479214A-70C4-487E-8709-66294B6BCFB1}.Release|Any CPU.Build.0 = Release|Any CPU
		{3F98B128-128D-42FF-BC9B-3AACE46ABE72}.Debug|Any CPU.ActiveCfg = Debug|Any CPU
		{3F98B128-128D-42FF-BC9B-3AACE46ABE72}.Debug|Any CPU.Build.0 = Debug|Any CPU
		{3F98B128-128D-42FF-BC9B-3AACE46ABE72}.Release|Any CPU.ActiveCfg = Release|Any CPU
		{3F98B128-128D-42FF-BC9B-3AACE46ABE72}.Release|Any CPU.Build.0 = Release|Any CPU
		{3B373E86-E610-466F-98EF-562A76C5AB46}.Debug|Any CPU.ActiveCfg = Debug|Any CPU
		{3B373E86-E610-466F-98EF-562A76C5AB46}.Debug|Any CPU.Build.0 = Debug|Any CPU
		{3B373E86-E610-466F-98EF-562A76C5AB46}.Release|Any CPU.ActiveCfg = Release|Any CPU
		{3B373E86-E610-466F-98EF-562A76C5AB46}.Release|Any CPU.Build.0 = Release|Any CPU
		{4BA4DDB2-2194-4C4A-A06D-79C0FF84D1FA}.Debug|Any CPU.ActiveCfg = Debug|Any CPU
		{4BA4DDB2-2194-4C4A-A06D-79C0FF84D1FA}.Debug|Any CPU.Build.0 = Debug|Any CPU
		{4BA4DDB2-2194-4C4A-A06D-79C0FF84D1FA}.Release|Any CPU.ActiveCfg = Release|Any CPU
		{4BA4DDB2-2194-4C4A-A06D-79C0FF84D1FA}.Release|Any CPU.Build.0 = Release|Any CPU
		{46E4431A-D967-47A1-96B6-8178DF91804E}.Debug|Any CPU.ActiveCfg = Debug|Any CPU
		{46E4431A-D967-47A1-96B6-8178DF91804E}.Debug|Any CPU.Build.0 = Debug|Any CPU
		{46E4431A-D967-47A1-96B6-8178DF91804E}.Release|Any CPU.ActiveCfg = Release|Any CPU
		{46E4431A-D967-47A1-96B6-8178DF91804E}.Release|Any CPU.Build.0 = Release|Any CPU
		{C9DEA816-7D9E-4D5B-9CAE-15B9355EEC73}.Debug|Any CPU.ActiveCfg = Debug|Any CPU
		{C9DEA816-7D9E-4D5B-9CAE-15B9355EEC73}.Debug|Any CPU.Build.0 = Debug|Any CPU
		{C9DEA816-7D9E-4D5B-9CAE-15B9355EEC73}.Release|Any CPU.ActiveCfg = Release|Any CPU
		{C9DEA816-7D9E-4D5B-9CAE-15B9355EEC73}.Release|Any CPU.Build.0 = Release|Any CPU
		{75F5C815-AD27-45B6-8B15-0314CBFC247C}.Debug|Any CPU.ActiveCfg = Debug|Any CPU
		{75F5C815-AD27-45B6-8B15-0314CBFC247C}.Debug|Any CPU.Build.0 = Debug|Any CPU
		{75F5C815-AD27-45B6-8B15-0314CBFC247C}.Release|Any CPU.ActiveCfg = Release|Any CPU
		{75F5C815-AD27-45B6-8B15-0314CBFC247C}.Release|Any CPU.Build.0 = Release|Any CPU
		{8C830296-21DE-4327-8D9C-3127FAC332A7}.Debug|Any CPU.ActiveCfg = Debug|Any CPU
		{8C830296-21DE-4327-8D9C-3127FAC332A7}.Debug|Any CPU.Build.0 = Debug|Any CPU
		{8C830296-21DE-4327-8D9C-3127FAC332A7}.Release|Any CPU.ActiveCfg = Release|Any CPU
		{8C830296-21DE-4327-8D9C-3127FAC332A7}.Release|Any CPU.Build.0 = Release|Any CPU
		{0358F633-B221-4C13-94C6-9605D2CD4A4F}.Debug|Any CPU.ActiveCfg = Debug|Any CPU
		{0358F633-B221-4C13-94C6-9605D2CD4A4F}.Debug|Any CPU.Build.0 = Debug|Any CPU
		{0358F633-B221-4C13-94C6-9605D2CD4A4F}.Release|Any CPU.ActiveCfg = Release|Any CPU
		{0358F633-B221-4C13-94C6-9605D2CD4A4F}.Release|Any CPU.Build.0 = Release|Any CPU
		{71209F7A-112B-47EA-A697-94C33D8E7B6C}.Debug|Any CPU.ActiveCfg = Debug|Any CPU
		{71209F7A-112B-47EA-A697-94C33D8E7B6C}.Debug|Any CPU.Build.0 = Debug|Any CPU
		{71209F7A-112B-47EA-A697-94C33D8E7B6C}.Release|Any CPU.ActiveCfg = Release|Any CPU
		{71209F7A-112B-47EA-A697-94C33D8E7B6C}.Release|Any CPU.Build.0 = Release|Any CPU
		{9B548302-2C34-4625-B494-1945DFD5A9FA}.Debug|Any CPU.ActiveCfg = Debug|Any CPU
		{9B548302-2C34-4625-B494-1945DFD5A9FA}.Debug|Any CPU.Build.0 = Debug|Any CPU
		{9B548302-2C34-4625-B494-1945DFD5A9FA}.Release|Any CPU.ActiveCfg = Release|Any CPU
		{9B548302-2C34-4625-B494-1945DFD5A9FA}.Release|Any CPU.Build.0 = Release|Any CPU
		{72220919-754F-4B75-BD35-C76D593D699C}.Debug|Any CPU.ActiveCfg = Debug|Any CPU
		{72220919-754F-4B75-BD35-C76D593D699C}.Debug|Any CPU.Build.0 = Debug|Any CPU
		{72220919-754F-4B75-BD35-C76D593D699C}.Release|Any CPU.ActiveCfg = Release|Any CPU
		{72220919-754F-4B75-BD35-C76D593D699C}.Release|Any CPU.Build.0 = Release|Any CPU
		{EA7BCF4F-B90A-4002-B54F-C5138F9886BC}.Debug|Any CPU.ActiveCfg = Debug|Any CPU
		{EA7BCF4F-B90A-4002-B54F-C5138F9886BC}.Debug|Any CPU.Build.0 = Debug|Any CPU
		{EA7BCF4F-B90A-4002-B54F-C5138F9886BC}.Release|Any CPU.ActiveCfg = Release|Any CPU
		{EA7BCF4F-B90A-4002-B54F-C5138F9886BC}.Release|Any CPU.Build.0 = Release|Any CPU
		{3E3B7D71-3332-4933-99DB-9590B3E907F3}.Debug|Any CPU.ActiveCfg = Debug|Any CPU
		{3E3B7D71-3332-4933-99DB-9590B3E907F3}.Debug|Any CPU.Build.0 = Debug|Any CPU
		{3E3B7D71-3332-4933-99DB-9590B3E907F3}.Release|Any CPU.ActiveCfg = Release|Any CPU
		{3E3B7D71-3332-4933-99DB-9590B3E907F3}.Release|Any CPU.Build.0 = Release|Any CPU
		{E8BA9ED8-B2CA-4C9E-885C-2CEA0F8405FF}.Debug|Any CPU.ActiveCfg = Debug|Any CPU
		{E8BA9ED8-B2CA-4C9E-885C-2CEA0F8405FF}.Debug|Any CPU.Build.0 = Debug|Any CPU
		{E8BA9ED8-B2CA-4C9E-885C-2CEA0F8405FF}.Release|Any CPU.ActiveCfg = Release|Any CPU
		{E8BA9ED8-B2CA-4C9E-885C-2CEA0F8405FF}.Release|Any CPU.Build.0 = Release|Any CPU
		{E90A1D66-9DB0-4527-99DF-E07102409041}.Debug|Any CPU.ActiveCfg = Debug|Any CPU
		{E90A1D66-9DB0-4527-99DF-E07102409041}.Debug|Any CPU.Build.0 = Debug|Any CPU
		{E90A1D66-9DB0-4527-99DF-E07102409041}.Release|Any CPU.ActiveCfg = Release|Any CPU
		{E90A1D66-9DB0-4527-99DF-E07102409041}.Release|Any CPU.Build.0 = Release|Any CPU
		{DDA1E8FF-481C-433C-937C-4F77B0BC3A17}.Debug|Any CPU.ActiveCfg = Debug|Any CPU
		{DDA1E8FF-481C-433C-937C-4F77B0BC3A17}.Debug|Any CPU.Build.0 = Debug|Any CPU
		{DDA1E8FF-481C-433C-937C-4F77B0BC3A17}.Release|Any CPU.ActiveCfg = Release|Any CPU
		{DDA1E8FF-481C-433C-937C-4F77B0BC3A17}.Release|Any CPU.Build.0 = Release|Any CPU
	EndGlobalSection
	GlobalSection(SolutionProperties) = preSolution
		HideSolutionNode = FALSE
	EndGlobalSection
	GlobalSection(ExtensibilityGlobals) = postSolution
		SolutionGuid = {5959175F-9A79-403A-BE02-79D8F3A7DAEA}
	EndGlobalSection
EndGlobal
