
Microsoft Visual Studio Solution File, Format Version 12.00
# Visual Studio Version 17
VisualStudioVersion = 17.4.33213.308
MinimumVisualStudioVersion = 10.0.40219.1
Project("{9A19103F-16F7-4668-BE54-9A1E7A4F7556}") = "ex1", "ex1\ex1.csproj", "{B172A6E7-073F-4E77-991B-E5A103A035CB}"
EndProject
Project("{9A19103F-16F7-4668-BE54-9A1E7A4F7556}") = "ex2", "ex2\ex2.csproj", "{5FCE4AAD-E9D9-43E5-A6BE-E2689685EC92}"
EndProject
Project("{9A19103F-16F7-4668-BE54-9A1E7A4F7556}") = "ex3", "ex3\ex3.csproj", "{8BF04FA9-59FF-4AF7-8661-509768CBA557}"
EndProject
Project("{9A19103F-16F7-4668-BE54-9A1E7A4F7556}") = "ex4", "ex4\ex4.csproj", "{CAF5B52A-009B-4612-B2BE-F72E32264FE3}"
EndProject
Project("{9A19103F-16F7-4668-BE54-9A1E7A4F7556}") = "ex5", "ex5\ex5.csproj", "{1D345EB8-7853-4AA9-A502-CCBCC7211AE3}"
EndProject
Project("{9A19103F-16F7-4668-BE54-9A1E7A4F7556}") = "ex6", "ex6\ex6.csproj", "{DA4E2BED-0A11-4E90-A61C-83D3F22DFB91}"
EndProject
Project("{9A19103F-16F7-4668-BE54-9A1E7A4F7556}") = "ex7", "ex7\ex7.csproj", "{0CDE3AF7-9E5F-42CA-AF98-D96AC632115C}"
EndProject
Project("{9A19103F-16F7-4668-BE54-9A1E7A4F7556}") = "ex8", "ex8\ex8.csproj", "{970D3C71-EAA3-403D-9763-D6DF1952A426}"
EndProject
Project("{9A19103F-16F7-4668-BE54-9A1E7A4F7556}") = "ex9", "ex9\ex9.csproj", "{8CB44CB5-0991-4C27-A7A5-BAA03BE0805C}"
EndProject
Project("{9A19103F-16F7-4668-BE54-9A1E7A4F7556}") = "exe10", "exe10\exe10.csproj", "{E398D34C-9081-4B34-8594-64497BC98069}"
EndProject
Project("{9A19103F-16F7-4668-BE54-9A1E7A4F7556}") = "exe11", "exe11\exe11.csproj", "{4FA5CE39-59BA-4D44-BDA1-EA03597AC6DA}"
EndProject
Project("{9A19103F-16F7-4668-BE54-9A1E7A4F7556}") = "exe12", "exe12\exe12.csproj", "{A69C7BAE-54DF-4C5C-B30A-E0FBCB740038}"
EndProject
Project("{9A19103F-16F7-4668-BE54-9A1E7A4F7556}") = "exe13", "exe13\exe13.csproj", "{610C695B-D7D7-4D6B-AC18-2AD524968C74}"
EndProject
Project("{9A19103F-16F7-4668-BE54-9A1E7A4F7556}") = "exe14", "exe14\exe14.csproj", "{82AB9D10-3858-450B-BCED-C1689702FBB3}"
EndProject
Project("{9A19103F-16F7-4668-BE54-9A1E7A4F7556}") = "exe15", "exe15\exe15.csproj", "{836F240E-EC08-4B64-A1DD-BD6D23D5CB5A}"
EndProject
Project("{9A19103F-16F7-4668-BE54-9A1E7A4F7556}") = "exe16", "exe16\exe16.csproj", "{86B51A4F-D71B-4C55-91BC-302532414F22}"
EndProject
Project("{9A19103F-16F7-4668-BE54-9A1E7A4F7556}") = "exe17", "exe17\exe17.csproj", "{AE7B5D02-A84D-4F04-BB32-851719C9AB66}"
EndProject
Project("{9A19103F-16F7-4668-BE54-9A1E7A4F7556}") = "exe18", "exe18\exe18.csproj", "{6C6EC734-BC88-448A-8FE3-AAD831F120DC}"
EndProject
Project("{9A19103F-16F7-4668-BE54-9A1E7A4F7556}") = "exe19", "exe19\exe19.csproj", "{41A0805F-69CA-4243-AD75-B20BFDB59021}"
EndProject
Project("{9A19103F-16F7-4668-BE54-9A1E7A4F7556}") = "exer20", "exer20\exer20.csproj", "{F966FFE7-3C84-4082-8963-98AF606C8509}"
EndProject
Project("{9A19103F-16F7-4668-BE54-9A1E7A4F7556}") = "exer21", "exer21\exer21.csproj", "{F996BD5E-12F8-4ABF-9CAC-79D86F46C2C5}"
EndProject
Project("{9A19103F-16F7-4668-BE54-9A1E7A4F7556}") = "exer22", "exer22\exer22.csproj", "{D0823921-8859-4744-8ED3-EC3AB47CC436}"
EndProject
Project("{9A19103F-16F7-4668-BE54-9A1E7A4F7556}") = "exer23", "exer23\exer23.csproj", "{3FFC59F3-B1B1-4963-B00B-D17171330CDC}"
EndProject
Project("{9A19103F-16F7-4668-BE54-9A1E7A4F7556}") = "exer24", "exer24\exer24.csproj", "{9269635E-575E-4891-863A-08CB0B02D2D8}"
EndProject
Project("{9A19103F-16F7-4668-BE54-9A1E7A4F7556}") = "exer25", "exer25\exer25.csproj", "{FCB0E3D7-B65A-4349-A53C-91BC504846DB}"
EndProject
Project("{9A19103F-16F7-4668-BE54-9A1E7A4F7556}") = "exer26", "exer26\exer26.csproj", "{86E8C5E3-0D2E-427C-8399-6A25897674F9}"
EndProject
Project("{9A19103F-16F7-4668-BE54-9A1E7A4F7556}") = "exer27", "exer27\exer27.csproj", "{3F1CCE86-E07A-455E-B6E2-5319132C2C12}"
EndProject
Project("{9A19103F-16F7-4668-BE54-9A1E7A4F7556}") = "exer28", "exer28\exer28.csproj", "{875B3CD6-0293-40C0-8A2A-5C9602397E49}"
EndProject
Project("{9A19103F-16F7-4668-BE54-9A1E7A4F7556}") = "exer29", "exer29\exer29.csproj", "{F55D1781-BF2D-4AA7-A745-9586C4961490}"
EndProject
Project("{9A19103F-16F7-4668-BE54-9A1E7A4F7556}") = "exerc30", "exerc30\exerc30.csproj", "{B7AF3E54-9321-408F-9F8F-2AA0984346A9}"
EndProject
Project("{9A19103F-16F7-4668-BE54-9A1E7A4F7556}") = "exerc31", "exerc31\exerc31.csproj", "{79AA3542-5303-480C-AC59-2B5380E00466}"
EndProject
Project("{FAE04EC0-301F-11D3-BF4B-00C04F79EFBC}") = "exerc32", "exerc32\exerc32.csproj", "{DD71FB97-8336-4FC8-9905-3CF6BC74228A}"
EndProject
Project("{FAE04EC0-301F-11D3-BF4B-00C04F79EFBC}") = "exerc33", "exerc33\exerc33.csproj", "{8D94ADF7-6B4F-46FC-B0FA-72E32239CD3D}"
EndProject
Project("{FAE04EC0-301F-11D3-BF4B-00C04F79EFBC}") = "exerc34", "exerc34\exerc34.csproj", "{087BB975-D0F6-4FE9-8976-6C2712145DC0}"
EndProject
Global
	GlobalSection(SolutionConfigurationPlatforms) = preSolution
		Debug|Any CPU = Debug|Any CPU
		Release|Any CPU = Release|Any CPU
	EndGlobalSection
	GlobalSection(ProjectConfigurationPlatforms) = postSolution
		{B172A6E7-073F-4E77-991B-E5A103A035CB}.Debug|Any CPU.ActiveCfg = Debug|Any CPU
		{B172A6E7-073F-4E77-991B-E5A103A035CB}.Debug|Any CPU.Build.0 = Debug|Any CPU
		{B172A6E7-073F-4E77-991B-E5A103A035CB}.Release|Any CPU.ActiveCfg = Release|Any CPU
		{B172A6E7-073F-4E77-991B-E5A103A035CB}.Release|Any CPU.Build.0 = Release|Any CPU
		{5FCE4AAD-E9D9-43E5-A6BE-E2689685EC92}.Debug|Any CPU.ActiveCfg = Debug|Any CPU
		{5FCE4AAD-E9D9-43E5-A6BE-E2689685EC92}.Debug|Any CPU.Build.0 = Debug|Any CPU
		{5FCE4AAD-E9D9-43E5-A6BE-E2689685EC92}.Release|Any CPU.ActiveCfg = Release|Any CPU
		{5FCE4AAD-E9D9-43E5-A6BE-E2689685EC92}.Release|Any CPU.Build.0 = Release|Any CPU
		{8BF04FA9-59FF-4AF7-8661-509768CBA557}.Debug|Any CPU.ActiveCfg = Debug|Any CPU
		{8BF04FA9-59FF-4AF7-8661-509768CBA557}.Debug|Any CPU.Build.0 = Debug|Any CPU
		{8BF04FA9-59FF-4AF7-8661-509768CBA557}.Release|Any CPU.ActiveCfg = Release|Any CPU
		{8BF04FA9-59FF-4AF7-8661-509768CBA557}.Release|Any CPU.Build.0 = Release|Any CPU
		{CAF5B52A-009B-4612-B2BE-F72E32264FE3}.Debug|Any CPU.ActiveCfg = Debug|Any CPU
		{CAF5B52A-009B-4612-B2BE-F72E32264FE3}.Debug|Any CPU.Build.0 = Debug|Any CPU
		{CAF5B52A-009B-4612-B2BE-F72E32264FE3}.Release|Any CPU.ActiveCfg = Release|Any CPU
		{CAF5B52A-009B-4612-B2BE-F72E32264FE3}.Release|Any CPU.Build.0 = Release|Any CPU
		{1D345EB8-7853-4AA9-A502-CCBCC7211AE3}.Debug|Any CPU.ActiveCfg = Debug|Any CPU
		{1D345EB8-7853-4AA9-A502-CCBCC7211AE3}.Debug|Any CPU.Build.0 = Debug|Any CPU
		{1D345EB8-7853-4AA9-A502-CCBCC7211AE3}.Release|Any CPU.ActiveCfg = Release|Any CPU
		{1D345EB8-7853-4AA9-A502-CCBCC7211AE3}.Release|Any CPU.Build.0 = Release|Any CPU
		{DA4E2BED-0A11-4E90-A61C-83D3F22DFB91}.Debug|Any CPU.ActiveCfg = Debug|Any CPU
		{DA4E2BED-0A11-4E90-A61C-83D3F22DFB91}.Debug|Any CPU.Build.0 = Debug|Any CPU
		{DA4E2BED-0A11-4E90-A61C-83D3F22DFB91}.Release|Any CPU.ActiveCfg = Release|Any CPU
		{DA4E2BED-0A11-4E90-A61C-83D3F22DFB91}.Release|Any CPU.Build.0 = Release|Any CPU
		{0CDE3AF7-9E5F-42CA-AF98-D96AC632115C}.Debug|Any CPU.ActiveCfg = Debug|Any CPU
		{0CDE3AF7-9E5F-42CA-AF98-D96AC632115C}.Debug|Any CPU.Build.0 = Debug|Any CPU
		{0CDE3AF7-9E5F-42CA-AF98-D96AC632115C}.Release|Any CPU.ActiveCfg = Release|Any CPU
		{0CDE3AF7-9E5F-42CA-AF98-D96AC632115C}.Release|Any CPU.Build.0 = Release|Any CPU
		{970D3C71-EAA3-403D-9763-D6DF1952A426}.Debug|Any CPU.ActiveCfg = Debug|Any CPU
		{970D3C71-EAA3-403D-9763-D6DF1952A426}.Debug|Any CPU.Build.0 = Debug|Any CPU
		{970D3C71-EAA3-403D-9763-D6DF1952A426}.Release|Any CPU.ActiveCfg = Release|Any CPU
		{970D3C71-EAA3-403D-9763-D6DF1952A426}.Release|Any CPU.Build.0 = Release|Any CPU
		{8CB44CB5-0991-4C27-A7A5-BAA03BE0805C}.Debug|Any CPU.ActiveCfg = Debug|Any CPU
		{8CB44CB5-0991-4C27-A7A5-BAA03BE0805C}.Debug|Any CPU.Build.0 = Debug|Any CPU
		{8CB44CB5-0991-4C27-A7A5-BAA03BE0805C}.Release|Any CPU.ActiveCfg = Release|Any CPU
		{8CB44CB5-0991-4C27-A7A5-BAA03BE0805C}.Release|Any CPU.Build.0 = Release|Any CPU
		{E398D34C-9081-4B34-8594-64497BC98069}.Debug|Any CPU.ActiveCfg = Debug|Any CPU
		{E398D34C-9081-4B34-8594-64497BC98069}.Debug|Any CPU.Build.0 = Debug|Any CPU
		{E398D34C-9081-4B34-8594-64497BC98069}.Release|Any CPU.ActiveCfg = Release|Any CPU
		{E398D34C-9081-4B34-8594-64497BC98069}.Release|Any CPU.Build.0 = Release|Any CPU
		{4FA5CE39-59BA-4D44-BDA1-EA03597AC6DA}.Debug|Any CPU.ActiveCfg = Debug|Any CPU
		{4FA5CE39-59BA-4D44-BDA1-EA03597AC6DA}.Debug|Any CPU.Build.0 = Debug|Any CPU
		{4FA5CE39-59BA-4D44-BDA1-EA03597AC6DA}.Release|Any CPU.ActiveCfg = Release|Any CPU
		{4FA5CE39-59BA-4D44-BDA1-EA03597AC6DA}.Release|Any CPU.Build.0 = Release|Any CPU
		{A69C7BAE-54DF-4C5C-B30A-E0FBCB740038}.Debug|Any CPU.ActiveCfg = Debug|Any CPU
		{A69C7BAE-54DF-4C5C-B30A-E0FBCB740038}.Debug|Any CPU.Build.0 = Debug|Any CPU
		{A69C7BAE-54DF-4C5C-B30A-E0FBCB740038}.Release|Any CPU.ActiveCfg = Release|Any CPU
		{A69C7BAE-54DF-4C5C-B30A-E0FBCB740038}.Release|Any CPU.Build.0 = Release|Any CPU
		{610C695B-D7D7-4D6B-AC18-2AD524968C74}.Debug|Any CPU.ActiveCfg = Debug|Any CPU
		{610C695B-D7D7-4D6B-AC18-2AD524968C74}.Debug|Any CPU.Build.0 = Debug|Any CPU
		{610C695B-D7D7-4D6B-AC18-2AD524968C74}.Release|Any CPU.ActiveCfg = Release|Any CPU
		{610C695B-D7D7-4D6B-AC18-2AD524968C74}.Release|Any CPU.Build.0 = Release|Any CPU
		{82AB9D10-3858-450B-BCED-C1689702FBB3}.Debug|Any CPU.ActiveCfg = Debug|Any CPU
		{82AB9D10-3858-450B-BCED-C1689702FBB3}.Debug|Any CPU.Build.0 = Debug|Any CPU
		{82AB9D10-3858-450B-BCED-C1689702FBB3}.Release|Any CPU.ActiveCfg = Release|Any CPU
		{82AB9D10-3858-450B-BCED-C1689702FBB3}.Release|Any CPU.Build.0 = Release|Any CPU
		{836F240E-EC08-4B64-A1DD-BD6D23D5CB5A}.Debug|Any CPU.ActiveCfg = Debug|Any CPU
		{836F240E-EC08-4B64-A1DD-BD6D23D5CB5A}.Debug|Any CPU.Build.0 = Debug|Any CPU
		{836F240E-EC08-4B64-A1DD-BD6D23D5CB5A}.Release|Any CPU.ActiveCfg = Release|Any CPU
		{836F240E-EC08-4B64-A1DD-BD6D23D5CB5A}.Release|Any CPU.Build.0 = Release|Any CPU
		{86B51A4F-D71B-4C55-91BC-302532414F22}.Debug|Any CPU.ActiveCfg = Debug|Any CPU
		{86B51A4F-D71B-4C55-91BC-302532414F22}.Debug|Any CPU.Build.0 = Debug|Any CPU
		{86B51A4F-D71B-4C55-91BC-302532414F22}.Release|Any CPU.ActiveCfg = Release|Any CPU
		{86B51A4F-D71B-4C55-91BC-302532414F22}.Release|Any CPU.Build.0 = Release|Any CPU
		{AE7B5D02-A84D-4F04-BB32-851719C9AB66}.Debug|Any CPU.ActiveCfg = Debug|Any CPU
		{AE7B5D02-A84D-4F04-BB32-851719C9AB66}.Debug|Any CPU.Build.0 = Debug|Any CPU
		{AE7B5D02-A84D-4F04-BB32-851719C9AB66}.Release|Any CPU.ActiveCfg = Release|Any CPU
		{AE7B5D02-A84D-4F04-BB32-851719C9AB66}.Release|Any CPU.Build.0 = Release|Any CPU
		{6C6EC734-BC88-448A-8FE3-AAD831F120DC}.Debug|Any CPU.ActiveCfg = Debug|Any CPU
		{6C6EC734-BC88-448A-8FE3-AAD831F120DC}.Debug|Any CPU.Build.0 = Debug|Any CPU
		{6C6EC734-BC88-448A-8FE3-AAD831F120DC}.Release|Any CPU.ActiveCfg = Release|Any CPU
		{6C6EC734-BC88-448A-8FE3-AAD831F120DC}.Release|Any CPU.Build.0 = Release|Any CPU
		{41A0805F-69CA-4243-AD75-B20BFDB59021}.Debug|Any CPU.ActiveCfg = Debug|Any CPU
		{41A0805F-69CA-4243-AD75-B20BFDB59021}.Debug|Any CPU.Build.0 = Debug|Any CPU
		{41A0805F-69CA-4243-AD75-B20BFDB59021}.Release|Any CPU.ActiveCfg = Release|Any CPU
		{41A0805F-69CA-4243-AD75-B20BFDB59021}.Release|Any CPU.Build.0 = Release|Any CPU
		{F966FFE7-3C84-4082-8963-98AF606C8509}.Debug|Any CPU.ActiveCfg = Debug|Any CPU
		{F966FFE7-3C84-4082-8963-98AF606C8509}.Debug|Any CPU.Build.0 = Debug|Any CPU
		{F966FFE7-3C84-4082-8963-98AF606C8509}.Release|Any CPU.ActiveCfg = Release|Any CPU
		{F966FFE7-3C84-4082-8963-98AF606C8509}.Release|Any CPU.Build.0 = Release|Any CPU
		{F996BD5E-12F8-4ABF-9CAC-79D86F46C2C5}.Debug|Any CPU.ActiveCfg = Debug|Any CPU
		{F996BD5E-12F8-4ABF-9CAC-79D86F46C2C5}.Debug|Any CPU.Build.0 = Debug|Any CPU
		{F996BD5E-12F8-4ABF-9CAC-79D86F46C2C5}.Release|Any CPU.ActiveCfg = Release|Any CPU
		{F996BD5E-12F8-4ABF-9CAC-79D86F46C2C5}.Release|Any CPU.Build.0 = Release|Any CPU
		{D0823921-8859-4744-8ED3-EC3AB47CC436}.Debug|Any CPU.ActiveCfg = Debug|Any CPU
		{D0823921-8859-4744-8ED3-EC3AB47CC436}.Debug|Any CPU.Build.0 = Debug|Any CPU
		{D0823921-8859-4744-8ED3-EC3AB47CC436}.Release|Any CPU.ActiveCfg = Release|Any CPU
		{D0823921-8859-4744-8ED3-EC3AB47CC436}.Release|Any CPU.Build.0 = Release|Any CPU
		{3FFC59F3-B1B1-4963-B00B-D17171330CDC}.Debug|Any CPU.ActiveCfg = Debug|Any CPU
		{3FFC59F3-B1B1-4963-B00B-D17171330CDC}.Debug|Any CPU.Build.0 = Debug|Any CPU
		{3FFC59F3-B1B1-4963-B00B-D17171330CDC}.Release|Any CPU.ActiveCfg = Release|Any CPU
		{3FFC59F3-B1B1-4963-B00B-D17171330CDC}.Release|Any CPU.Build.0 = Release|Any CPU
		{9269635E-575E-4891-863A-08CB0B02D2D8}.Debug|Any CPU.ActiveCfg = Debug|Any CPU
		{9269635E-575E-4891-863A-08CB0B02D2D8}.Debug|Any CPU.Build.0 = Debug|Any CPU
		{9269635E-575E-4891-863A-08CB0B02D2D8}.Release|Any CPU.ActiveCfg = Release|Any CPU
		{9269635E-575E-4891-863A-08CB0B02D2D8}.Release|Any CPU.Build.0 = Release|Any CPU
		{FCB0E3D7-B65A-4349-A53C-91BC504846DB}.Debug|Any CPU.ActiveCfg = Debug|Any CPU
		{FCB0E3D7-B65A-4349-A53C-91BC504846DB}.Debug|Any CPU.Build.0 = Debug|Any CPU
		{FCB0E3D7-B65A-4349-A53C-91BC504846DB}.Release|Any CPU.ActiveCfg = Release|Any CPU
		{FCB0E3D7-B65A-4349-A53C-91BC504846DB}.Release|Any CPU.Build.0 = Release|Any CPU
		{86E8C5E3-0D2E-427C-8399-6A25897674F9}.Debug|Any CPU.ActiveCfg = Debug|Any CPU
		{86E8C5E3-0D2E-427C-8399-6A25897674F9}.Debug|Any CPU.Build.0 = Debug|Any CPU
		{86E8C5E3-0D2E-427C-8399-6A25897674F9}.Release|Any CPU.ActiveCfg = Release|Any CPU
		{86E8C5E3-0D2E-427C-8399-6A25897674F9}.Release|Any CPU.Build.0 = Release|Any CPU
		{3F1CCE86-E07A-455E-B6E2-5319132C2C12}.Debug|Any CPU.ActiveCfg = Debug|Any CPU
		{3F1CCE86-E07A-455E-B6E2-5319132C2C12}.Debug|Any CPU.Build.0 = Debug|Any CPU
		{3F1CCE86-E07A-455E-B6E2-5319132C2C12}.Release|Any CPU.ActiveCfg = Release|Any CPU
		{3F1CCE86-E07A-455E-B6E2-5319132C2C12}.Release|Any CPU.Build.0 = Release|Any CPU
		{875B3CD6-0293-40C0-8A2A-5C9602397E49}.Debug|Any CPU.ActiveCfg = Debug|Any CPU
		{875B3CD6-0293-40C0-8A2A-5C9602397E49}.Debug|Any CPU.Build.0 = Debug|Any CPU
		{875B3CD6-0293-40C0-8A2A-5C9602397E49}.Release|Any CPU.ActiveCfg = Release|Any CPU
		{875B3CD6-0293-40C0-8A2A-5C9602397E49}.Release|Any CPU.Build.0 = Release|Any CPU
		{F55D1781-BF2D-4AA7-A745-9586C4961490}.Debug|Any CPU.ActiveCfg = Debug|Any CPU
		{F55D1781-BF2D-4AA7-A745-9586C4961490}.Debug|Any CPU.Build.0 = Debug|Any CPU
		{F55D1781-BF2D-4AA7-A745-9586C4961490}.Release|Any CPU.ActiveCfg = Release|Any CPU
		{F55D1781-BF2D-4AA7-A745-9586C4961490}.Release|Any CPU.Build.0 = Release|Any CPU
		{B7AF3E54-9321-408F-9F8F-2AA0984346A9}.Debug|Any CPU.ActiveCfg = Debug|Any CPU
		{B7AF3E54-9321-408F-9F8F-2AA0984346A9}.Debug|Any CPU.Build.0 = Debug|Any CPU
		{B7AF3E54-9321-408F-9F8F-2AA0984346A9}.Release|Any CPU.ActiveCfg = Release|Any CPU
		{B7AF3E54-9321-408F-9F8F-2AA0984346A9}.Release|Any CPU.Build.0 = Release|Any CPU
		{79AA3542-5303-480C-AC59-2B5380E00466}.Debug|Any CPU.ActiveCfg = Debug|Any CPU
		{79AA3542-5303-480C-AC59-2B5380E00466}.Debug|Any CPU.Build.0 = Debug|Any CPU
		{79AA3542-5303-480C-AC59-2B5380E00466}.Release|Any CPU.ActiveCfg = Release|Any CPU
		{79AA3542-5303-480C-AC59-2B5380E00466}.Release|Any CPU.Build.0 = Release|Any CPU
		{DD71FB97-8336-4FC8-9905-3CF6BC74228A}.Debug|Any CPU.ActiveCfg = Debug|Any CPU
		{DD71FB97-8336-4FC8-9905-3CF6BC74228A}.Debug|Any CPU.Build.0 = Debug|Any CPU
		{DD71FB97-8336-4FC8-9905-3CF6BC74228A}.Release|Any CPU.ActiveCfg = Release|Any CPU
		{DD71FB97-8336-4FC8-9905-3CF6BC74228A}.Release|Any CPU.Build.0 = Release|Any CPU
		{8D94ADF7-6B4F-46FC-B0FA-72E32239CD3D}.Debug|Any CPU.ActiveCfg = Debug|Any CPU
		{8D94ADF7-6B4F-46FC-B0FA-72E32239CD3D}.Debug|Any CPU.Build.0 = Debug|Any CPU
		{8D94ADF7-6B4F-46FC-B0FA-72E32239CD3D}.Release|Any CPU.ActiveCfg = Release|Any CPU
		{8D94ADF7-6B4F-46FC-B0FA-72E32239CD3D}.Release|Any CPU.Build.0 = Release|Any CPU
		{087BB975-D0F6-4FE9-8976-6C2712145DC0}.Debug|Any CPU.ActiveCfg = Debug|Any CPU
		{087BB975-D0F6-4FE9-8976-6C2712145DC0}.Debug|Any CPU.Build.0 = Debug|Any CPU
		{087BB975-D0F6-4FE9-8976-6C2712145DC0}.Release|Any CPU.ActiveCfg = Release|Any CPU
		{087BB975-D0F6-4FE9-8976-6C2712145DC0}.Release|Any CPU.Build.0 = Release|Any CPU
	EndGlobalSection
	GlobalSection(SolutionProperties) = preSolution
		HideSolutionNode = FALSE
	EndGlobalSection
	GlobalSection(ExtensibilityGlobals) = postSolution
		SolutionGuid = {9659932A-B503-45A5-8DCB-83D4F20E084E}
	EndGlobalSection
EndGlobal
