
Microsoft Visual Studio Solution File, Format Version 12.00
# Visual Studio Version 17
VisualStudioVersion = 17.4.33213.308
MinimumVisualStudioVersion = 10.0.40219.1
Project("{9A19103F-16F7-4668-BE54-9A1E7A4F7556}") = "ex1", "ex1\ex1.csproj", "{FA6D58D9-6AD2-4117-A8B2-30C5F57589FA}"
EndProject
Project("{9A19103F-16F7-4668-BE54-9A1E7A4F7556}") = "ex2", "ex2\ex2.csproj", "{8FEB3115-DA1E-4BCF-BCE1-EB62AB10A592}"
EndProject
Project("{FAE04EC0-301F-11D3-BF4B-00C04F79EFBC}") = "ex3", "ex3\ex3.csproj", "{1250EED9-8FB5-425C-902D-AA1E50962B58}"
EndProject
Global
	GlobalSection(SolutionConfigurationPlatforms) = preSolution
		Debug|Any CPU = Debug|Any CPU
		Release|Any CPU = Release|Any CPU
	EndGlobalSection
	GlobalSection(ProjectConfigurationPlatforms) = postSolution
		{FA6D58D9-6AD2-4117-A8B2-30C5F57589FA}.Debug|Any CPU.ActiveCfg = Debug|Any CPU
		{FA6D58D9-6AD2-4117-A8B2-30C5F57589FA}.Debug|Any CPU.Build.0 = Debug|Any CPU
		{FA6D58D9-6AD2-4117-A8B2-30C5F57589FA}.Release|Any CPU.ActiveCfg = Release|Any CPU
		{FA6D58D9-6AD2-4117-A8B2-30C5F57589FA}.Release|Any CPU.Build.0 = Release|Any CPU
		{8FEB3115-DA1E-4BCF-BCE1-EB62AB10A592}.Debug|Any CPU.ActiveCfg = Debug|Any CPU
		{8FEB3115-DA1E-4BCF-BCE1-EB62AB10A592}.Debug|Any CPU.Build.0 = Debug|Any CPU
		{8FEB3115-DA1E-4BCF-BCE1-EB62AB10A592}.Release|Any CPU.ActiveCfg = Release|Any CPU
		{8FEB3115-DA1E-4BCF-BCE1-EB62AB10A592}.Release|Any CPU.Build.0 = Release|Any CPU
		{1250EED9-8FB5-425C-902D-AA1E50962B58}.Debug|Any CPU.ActiveCfg = Debug|Any CPU
		{1250EED9-8FB5-425C-902D-AA1E50962B58}.Debug|Any CPU.Build.0 = Debug|Any CPU
		{1250EED9-8FB5-425C-902D-AA1E50962B58}.Release|Any CPU.ActiveCfg = Release|Any CPU
		{1250EED9-8FB5-425C-902D-AA1E50962B58}.Release|Any CPU.Build.0 = Release|Any CPU
	EndGlobalSection
	GlobalSection(SolutionProperties) = preSolution
		HideSolutionNode = FALSE
	EndGlobalSection
	GlobalSection(ExtensibilityGlobals) = postSolution
		SolutionGuid = {6582D1E9-5F97-45F6-A3FB-D2ACDF73F554}
	EndGlobalSection
EndGlobal
